
Microsoft Visual Studio Solution File, Format Version 12.00
# Visual Studio 15
VisualStudioVersion = 15.0.26403.7
MinimumVisualStudioVersion = 10.0.40219.1
Project("{FAE04EC0-301F-11D3-BF4B-00C04F79EFBC}") = "Neural Networks", "Neural Networks\Neural Networks.csproj", "{6FAFFFF9-7940-4837-B156-A5AA39C56D90}"
EndProject
Global
	GlobalSection(SolutionConfigurationPlatforms) = preSolution
		Debug|Any CPU = Debug|Any CPU
		Release|Any CPU = Release|Any CPU
	EndGlobalSection
	GlobalSection(ProjectConfigurationPlatforms) = postSolution
		{6FAFFFF9-7940-4837-B156-A5AA39C56D90}.Debug|Any CPU.ActiveCfg = Debug|Any CPU
		{6FAFFFF9-7940-4837-B156-A5AA39C56D90}.Debug|Any CPU.Build.0 = Debug|Any CPU
		{6FAFFFF9-7940-4837-B156-A5AA39C56D90}.Release|Any CPU.ActiveCfg = Release|Any CPU
		{6FAFFFF9-7940-4837-B156-A5AA39C56D90}.Release|Any CPU.Build.0 = Release|Any CPU
	EndGlobalSection
	GlobalSection(SolutionProperties) = preSolution
		HideSolutionNode = FALSE
	EndGlobalSection
EndGlobal
